
Microsoft Visual Studio Solution File, Format Version 12.00
# Visual Studio Version 17
VisualStudioVersion = 17.4.33213.308
MinimumVisualStudioVersion = 10.0.40219.1
Project("{9A19103F-16F7-4668-BE54-9A1E7A4F7556}") = "Week4Loops", "Week4Loops\Week4Loops.csproj", "{76500476-7B57-44CE-993C-F53FB5EAB1A8}"
EndProject
Project("{FAE04EC0-301F-11D3-BF4B-00C04F79EFBC}") = "ForLoopSam", "ForLoopSam\ForLoopSam.csproj", "{50766AE4-7C95-4AD1-8DA4-990D5E76823A}"
EndProject
Project("{FAE04EC0-301F-11D3-BF4B-00C04F79EFBC}") = "RandomNumber", "RandomNumber\RandomNumber.csproj", "{2D71477E-FD8A-4C5A-A8F3-E5008B42A999}"
EndProject
Project("{FAE04EC0-301F-11D3-BF4B-00C04F79EFBC}") = "WhileLoops", "WhileLoops\WhileLoops.csproj", "{13294142-8DEF-42D8-BE28-98030795E843}"
EndProject
Global
	GlobalSection(SolutionConfigurationPlatforms) = preSolution
		Debug|Any CPU = Debug|Any CPU
		Release|Any CPU = Release|Any CPU
	EndGlobalSection
	GlobalSection(ProjectConfigurationPlatforms) = postSolution
		{76500476-7B57-44CE-993C-F53FB5EAB1A8}.Debug|Any CPU.ActiveCfg = Debug|Any CPU
		{76500476-7B57-44CE-993C-F53FB5EAB1A8}.Debug|Any CPU.Build.0 = Debug|Any CPU
		{76500476-7B57-44CE-993C-F53FB5EAB1A8}.Release|Any CPU.ActiveCfg = Release|Any CPU
		{76500476-7B57-44CE-993C-F53FB5EAB1A8}.Release|Any CPU.Build.0 = Release|Any CPU
		{50766AE4-7C95-4AD1-8DA4-990D5E76823A}.Debug|Any CPU.ActiveCfg = Debug|Any CPU
		{50766AE4-7C95-4AD1-8DA4-990D5E76823A}.Debug|Any CPU.Build.0 = Debug|Any CPU
		{50766AE4-7C95-4AD1-8DA4-990D5E76823A}.Release|Any CPU.ActiveCfg = Release|Any CPU
		{50766AE4-7C95-4AD1-8DA4-990D5E76823A}.Release|Any CPU.Build.0 = Release|Any CPU
		{2D71477E-FD8A-4C5A-A8F3-E5008B42A999}.Debug|Any CPU.ActiveCfg = Debug|Any CPU
		{2D71477E-FD8A-4C5A-A8F3-E5008B42A999}.Debug|Any CPU.Build.0 = Debug|Any CPU
		{2D71477E-FD8A-4C5A-A8F3-E5008B42A999}.Release|Any CPU.ActiveCfg = Release|Any CPU
		{2D71477E-FD8A-4C5A-A8F3-E5008B42A999}.Release|Any CPU.Build.0 = Release|Any CPU
		{13294142-8DEF-42D8-BE28-98030795E843}.Debug|Any CPU.ActiveCfg = Debug|Any CPU
		{13294142-8DEF-42D8-BE28-98030795E843}.Debug|Any CPU.Build.0 = Debug|Any CPU
		{13294142-8DEF-42D8-BE28-98030795E843}.Release|Any CPU.ActiveCfg = Release|Any CPU
		{13294142-8DEF-42D8-BE28-98030795E843}.Release|Any CPU.Build.0 = Release|Any CPU
	EndGlobalSection
	GlobalSection(SolutionProperties) = preSolution
		HideSolutionNode = FALSE
	EndGlobalSection
	GlobalSection(ExtensibilityGlobals) = postSolution
		SolutionGuid = {0870F000-EBEE-49FA-A652-B91AF4C874B1}
	EndGlobalSection
EndGlobal
